Microsoft Visual Studio Solution File, Format Version 12.00
# Visual Studio 2012
Project("{FAE04EC0-301F-11D3-BF4B-00C04F79EFBC}") = "RL-Godot-Pedestrian-Simulation", "RL-Godot-Pedestrian-Simulation.csproj", "{FD9D6017-D347-482C-95E1-D9314526BC60}"
EndProject
Global
	GlobalSection(SolutionConfigurationPlatforms) = preSolution
	Debug|Any CPU = Debug|Any CPU
	ExportDebug|Any CPU = ExportDebug|Any CPU
	ExportRelease|Any CPU = ExportRelease|Any CPU
	EndGlobalSection
	GlobalSection(ProjectConfigurationPlatforms) = postSolution
		{FD9D6017-D347-482C-95E1-D9314526BC60}.Debug|Any CPU.ActiveCfg = Debug|Any CPU
		{FD9D6017-D347-482C-95E1-D9314526BC60}.Debug|Any CPU.Build.0 = Debug|Any CPU
		{FD9D6017-D347-482C-95E1-D9314526BC60}.ExportDebug|Any CPU.ActiveCfg = ExportDebug|Any CPU
		{FD9D6017-D347-482C-95E1-D9314526BC60}.ExportDebug|Any CPU.Build.0 = ExportDebug|Any CPU
		{FD9D6017-D347-482C-95E1-D9314526BC60}.ExportRelease|Any CPU.ActiveCfg = ExportRelease|Any CPU
		{FD9D6017-D347-482C-95E1-D9314526BC60}.ExportRelease|Any CPU.Build.0 = ExportRelease|Any CPU
	EndGlobalSection
EndGlobal
